
Microsoft Visual Studio Solution File, Format Version 12.00
# Visual Studio Version 16
VisualStudioVersion = 16.0.30621.155
MinimumVisualStudioVersion = 10.0.40219.1
Project("{8BC9CEB8-8B4A-11D0-8D11-00A0C91BC942}") = "AssaultCubeDefinitelyNotAHack", "AssaultCubeDefinitelyNotAHack.vcxproj", "{B475DB4A-73C6-47E2-A5AB-EB4735B92DF5}"
EndProject
Global
	GlobalSection(SolutionConfigurationPlatforms) = preSolution
		Debug|x64 = Debug|x64
		Debug|x86 = Debug|x86
		Release|x64 = Release|x64
		Release|x86 = Release|x86
	EndGlobalSection
	GlobalSection(ProjectConfigurationPlatforms) = postSolution
		{B475DB4A-73C6-47E2-A5AB-EB4735B92DF5}.Debug|x64.ActiveCfg = Debug|x64
		{B475DB4A-73C6-47E2-A5AB-EB4735B92DF5}.Debug|x64.Build.0 = Debug|x64
		{B475DB4A-73C6-47E2-A5AB-EB4735B92DF5}.Debug|x86.ActiveCfg = Debug|Win32
		{B475DB4A-73C6-47E2-A5AB-EB4735B92DF5}.Debug|x86.Build.0 = Debug|Win32
		{B475DB4A-73C6-47E2-A5AB-EB4735B92DF5}.Release|x64.ActiveCfg = Release|x64
		{B475DB4A-73C6-47E2-A5AB-EB4735B92DF5}.Release|x64.Build.0 = Release|x64
		{B475DB4A-73C6-47E2-A5AB-EB4735B92DF5}.Release|x86.ActiveCfg = Release|Win32
		{B475DB4A-73C6-47E2-A5AB-EB4735B92DF5}.Release|x86.Build.0 = Release|Win32
	EndGlobalSection
	GlobalSection(SolutionProperties) = preSolution
		HideSolutionNode = FALSE
	EndGlobalSection
	GlobalSection(ExtensibilityGlobals) = postSolution
		SolutionGuid = {791ADED9-75FA-47B9-971D-A38F4B96E195}
	EndGlobalSection
EndGlobal
